PODS:
  - KKJSBridge (1.0.2)
  - KKJSBridge2 (1.0.3)

DEPENDENCIES:
  - KKJSBridge (from `../`)
  - KKJSBridge2 (from `../KKJSBridge2/`)

EXTERNAL SOURCES:
  KKJSBridge:
    :path: "../"
  KKJSBridge2:
    :path: "../KKJSBridge2/"

SPEC CHECKSUMS:
  KKJSBridge: 1df53c2c52cb1a1691afa9f27377f7ceca9303a2
  KKJSBridge2: d35bd2e9ea690d7902640c003cf2465ed5414c03

PODFILE CHECKSUM: 4b2b35ca6999496069d6f886d4dadcb1ab672091

COCOAPODS: 1.5.3
